{
  "object": {
    "pins": [
      {
        "package": "Imitate",
        "repositoryURL": "https://github.com/rzeszot-pro/imitate-lib",
        "state": {
          "branch": "master",
          "revision": "bf625b2badac4fac3170dfb24f8edc2cd351f8ec",
          "version": null
        }
      }
    ]
  },
  "version": 1
}
